# This file was autogenerated by Stack.
# You should not edit this file by hand.
# For more information, please see the documentation at:
#   https://docs.haskellstack.org/en/stable/lock_files

packages:
- completed:
    hackage: butcher-1.3.2.3@sha256:a3628cf0a41f2fec4e5cd128dd900f4608119f203385373cf0bf65c60291c396,3113
    pantry-tree:
      size: 1197
      sha256: 5e230dd54452e9bd3bca7900092e3522c94781490a31ce935d4c8bb7586f5a9c
  original:
    hackage: butcher-1.3.2.3@sha256:a3628cf0a41f2fec4e5cd128dd900f4608119f203385373cf0bf65c60291c396,3113
- completed:
    hackage: multistate-0.8.0.2@sha256:fbb0d8ade9ef73c8ed92488f5804d0ebe75d3a9c24bf53452bc3a4f32b34cb2e,3713
    pantry-tree:
      size: 2143
      sha256: 1753828d37b456e1e0241766d893b29f385ef7769fa79610f507b747935b77cb
  original:
    hackage: multistate-0.8.0.2@sha256:fbb0d8ade9ef73c8ed92488f5804d0ebe75d3a9c24bf53452bc3a4f32b34cb2e,3713
- completed:
    hackage: deque-0.4.2.3@sha256:7cc8ddfc77df351ff9c16e838ccdb4a89f055c80a3111e27eba8d90e8edde7d0,1853
    pantry-tree:
      size: 807
      sha256: 7f584c71e9e912935f829cb4667411ae3c3048fcd8b935170fb5a45188019403
  original:
    hackage: deque-0.4.2.3@sha256:7cc8ddfc77df351ff9c16e838ccdb4a89f055c80a3111e27eba8d90e8edde7d0,1853
- completed:
    hackage: strict-list-0.1.4@sha256:0fa869e2c21b710b7133e8628169f120fe6299342628edd3d5087ded299bc941,1631
    pantry-tree:
      size: 340
      sha256: bbb22fd014867dc48697ddd8598d4a9fb03fa2d58ef79bed94f208a9b6d94224
  original:
    hackage: strict-list-0.1.4@sha256:0fa869e2c21b710b7133e8628169f120fe6299342628edd3d5087ded299bc941,1631
- completed:
    hackage: HDBC-sqlite3-2.3.3.1@sha256:5025fd94d02b9b3f0b8b8233796dd9a85a0b3dda6503c6e671e3eddbc51cb4d4,2424
    pantry-tree:
      size: 1427
      sha256: 76e71f73502350ed3fe5fc64604a21a3c8027d49fe6846183d53dbdaf583437a
  original:
    hackage: HDBC-sqlite3-2.3.3.1@sha256:5025fd94d02b9b3f0b8b8233796dd9a85a0b3dda6503c6e671e3eddbc51cb4d4,2424
snapshots:
- completed:
    size: 499889
    url: https://raw.githubusercontent.com/commercialhaskell/stackage-snapshots/master/lts/13/26.yaml
    sha256: ecb02ee16829df8d7219e7d7fe6c310819820bf335b0b9534bce84d3ea896684
  original: lts-13.26
